
Microsoft Visual Studio Solution File, Format Version 12.00
# Visual Studio Version 16
VisualStudioVersion = 16.0.31829.152
MinimumVisualStudioVersion = 10.0.40219.1
Project("{FAE04EC0-301F-11D3-BF4B-00C04F79EFBC}") = "Belcebu", "Belcebu\Belcebu.csproj", "{B55E2013-0B02-4C02-B214-9D0A272562FE}"
EndProject
Global
	GlobalSection(SolutionConfigurationPlatforms) = preSolution
		Debug|Any CPU = Debug|Any CPU
		Release|Any CPU = Release|Any CPU
	EndGlobalSection
	GlobalSection(ProjectConfigurationPlatforms) = postSolution
		{B55E2013-0B02-4C02-B214-9D0A272562FE}.Debug|Any CPU.ActiveCfg = Debug|Any CPU
		{B55E2013-0B02-4C02-B214-9D0A272562FE}.Debug|Any CPU.Build.0 = Debug|Any CPU
		{B55E2013-0B02-4C02-B214-9D0A272562FE}.Release|Any CPU.ActiveCfg = Release|Any CPU
		{B55E2013-0B02-4C02-B214-9D0A272562FE}.Release|Any CPU.Build.0 = Release|Any CPU
	EndGlobalSection
	GlobalSection(SolutionProperties) = preSolution
		HideSolutionNode = FALSE
	EndGlobalSection
	GlobalSection(ExtensibilityGlobals) = postSolution
		SolutionGuid = {0686AF53-E8F6-47E6-AAA2-6A37159591CC}
	EndGlobalSection
EndGlobal
