
Microsoft Visual Studio Solution File, Format Version 12.00
# Visual Studio Version 17
VisualStudioVersion = 17.0.31919.166
MinimumVisualStudioVersion = 10.0.40219.1
Project("{9A19103F-16F7-4668-BE54-9A1E7A4F7556}") = "Daco", "Daco\Daco.csproj", "{F1EDE8B1-6D55-4E6C-A969-764C4DDBC0BA}"
EndProject
Global
	GlobalSection(SolutionConfigurationPlatforms) = preSolution
		Debug|Any CPU = Debug|Any CPU
		Release|Any CPU = Release|Any CPU
	EndGlobalSection
	GlobalSection(ProjectConfigurationPlatforms) = postSolution
		{F1EDE8B1-6D55-4E6C-A969-764C4DDBC0BA}.Debug|Any CPU.ActiveCfg = Debug|Any CPU
		{F1EDE8B1-6D55-4E6C-A969-764C4DDBC0BA}.Debug|Any CPU.Build.0 = Debug|Any CPU
		{F1EDE8B1-6D55-4E6C-A969-764C4DDBC0BA}.Release|Any CPU.ActiveCfg = Release|Any CPU
		{F1EDE8B1-6D55-4E6C-A969-764C4DDBC0BA}.Release|Any CPU.Build.0 = Release|Any CPU
	EndGlobalSection
	GlobalSection(SolutionProperties) = preSolution
		HideSolutionNode = FALSE
	EndGlobalSection
	GlobalSection(ExtensibilityGlobals) = postSolution
		SolutionGuid = {0686AF53-E8F6-47E6-AAA2-6A37159591CC}
	EndGlobalSection
EndGlobal
